
Microsoft Visual Studio Solution File, Format Version 12.00
# Visual Studio 14
VisualStudioVersion = 14.0.24720.0
MinimumVisualStudioVersion = 10.0.40219.1
Project("{FAE04EC0-301F-11D3-BF4B-00C04F79EFBC}") = "BuildTimesData", "BuildTimesData\BuildTimesData.csproj", "{66A3EC2F-22DD-435A-83AF-7525A4FF2EDF}"
EndProject
Project("{FAE04EC0-301F-11D3-BF4B-00C04F79EFBC}") = "BuildTimesData.Tests", "BuildTimesData.Tests\BuildTimesData.Tests.csproj", "{4FBD0FAF-749E-4C20-A7AF-03B15A340936}"
EndProject
Global
	GlobalSection(SolutionConfigurationPlatforms) = preSolution
		Debug|Any CPU = Debug|Any CPU
		Release|Any CPU = Release|Any CPU
	EndGlobalSection
	GlobalSection(ProjectConfigurationPlatforms) = postSolution
		{66A3EC2F-22DD-435A-83AF-7525A4FF2EDF}.Debug|Any CPU.ActiveCfg = Debug|Any CPU
		{66A3EC2F-22DD-435A-83AF-7525A4FF2EDF}.Debug|Any CPU.Build.0 = Debug|Any CPU
		{66A3EC2F-22DD-435A-83AF-7525A4FF2EDF}.Release|Any CPU.ActiveCfg = Release|Any CPU
		{66A3EC2F-22DD-435A-83AF-7525A4FF2EDF}.Release|Any CPU.Build.0 = Release|Any CPU
		{4FBD0FAF-749E-4C20-A7AF-03B15A340936}.Debug|Any CPU.ActiveCfg = Debug|Any CPU
		{4FBD0FAF-749E-4C20-A7AF-03B15A340936}.Debug|Any CPU.Build.0 = Debug|Any CPU
		{4FBD0FAF-749E-4C20-A7AF-03B15A340936}.Release|Any CPU.ActiveCfg = Release|Any CPU
		{4FBD0FAF-749E-4C20-A7AF-03B15A340936}.Release|Any CPU.Build.0 = Release|Any CPU
	EndGlobalSection
	GlobalSection(SolutionProperties) = preSolution
		HideSolutionNode = FALSE
	EndGlobalSection
EndGlobal
